{
    "_meta": {
        "hash": {
            "sha256": "4b41263ec8b0f237b63e49a932e35824c9cb7898abc23b2fa1d802f8aff60fd4"
        },
        "pipfile-spec": 6,
        "requires": {
            "python_version": "3.8"
        },
        "sources": [
            {
                "name": "pypi",
                "url": "https://pypi.org/simple",
                "verify_ssl": true
            }
        ]
    },
    "default": {
        "keras": {
            "hashes": [
                "sha256:504af5656a9829fe803ce48a8580ef16916e89906aceddad9e098614269437e7"
            ],
            "index": "pypi",
            "version": "==2.6.0"
        }
    },
    "develop": {}
}
